# THIS IS AN AUTOGENERATED FILE. DO NOT EDIT THIS FILE DIRECTLY.
# yarn lockfile v1


codemirror@^5.25.0:
  version "5.53.2"
  resolved "https://registry.yarnpkg.com/codemirror/-/codemirror-5.53.2.tgz#9799121cf8c50809cca487304e9de3a74d33f428"
  integrity sha512-wvSQKS4E+P8Fxn/AQ+tQtJnF1qH5UOlxtugFLpubEZ5jcdH2iXTVinb+Xc/4QjshuOxRm4fUsU2QPF1JJKiyXA==
