# THIS IS AN AUTOGENERATED FILE. DO NOT EDIT THIS FILE DIRECTLY.
# yarn lockfile v1


codemirror@^5.25.0:
  version "5.59.2"
  resolved "https://registry.yarnpkg.com/codemirror/-/codemirror-5.59.2.tgz#ee674d3a4a8d241af38d52afc482625ba7393922"
  integrity sha512-/D5PcsKyzthtSy2NNKCyJi3b+htRkoKv3idswR/tR6UAvMNKA7SrmyZy6fOONJxSRs1JlUWEDAbxqfdArbK8iA==
