# THIS IS AN AUTOGENERATED FILE. DO NOT EDIT THIS FILE DIRECTLY.
# yarn lockfile v1


codemirror@^5.25.0:
  version "5.55.0"
  resolved "https://registry.yarnpkg.com/codemirror/-/codemirror-5.55.0.tgz#23731f641288f202a6858fdc878f3149e0e04363"
  integrity sha512-TumikSANlwiGkdF/Blnu/rqovZ0Y3Jh8yy9TqrPbSM0xxSucq3RgnpVDQ+mD9q6JERJEIT2FMuF/fBGfkhIR/g==
